
Microsoft Visual Studio Solution File, Format Version 12.00
# Visual Studio Version 18
VisualStudioVersion = 18.1.11312.151 d18.0
MinimumVisualStudioVersion = 10.0.40219.1
Project("{FAE04EC0-301F-11D3-BF4B-00C04F79EFBC}") = "BLADE.TCPFORTRESS.CoreClass", "BLADE.TCPFORTREASS.CoreClass\BLADE.TCPFORTRESS.CoreClass.csproj", "{35E4E238-0637-46DC-B59D-BC7E83BC8D78}"
EndProject
Project("{FAE04EC0-301F-11D3-BF4B-00C04F79EFBC}") = "BLADE.TCPFORTRESS.SetApp", "BLADE.TCPFORTRESS.SetApp\BLADE.TCPFORTRESS.SetApp.csproj", "{9A83E34E-F9B3-409D-9658-8B54C1F07833}"
EndProject
Project("{FAE04EC0-301F-11D3-BF4B-00C04F79EFBC}") = "BLADE.TCPFORTRESS.TFSERVICE", "BLADE.TCPFORTRESS.TFSERVICE\BLADE.TCPFORTRESS.TFSERVICE.csproj", "{B648D887-346F-4C57-B715-3E666B4488F6}"
EndProject
Project("{F184B08F-C81C-45F6-A57F-5ABD9991F28F}") = "TFS", "TFS\TFS.vbproj", "{CA1274A3-85F6-42FD-9364-441674E34684}"
EndProject
Project("{FAE04EC0-301F-11D3-BF4B-00C04F79EFBC}") = "BLADE.TCPFORTRESS.CoreNET", "BLADE.TCPFORTRESS.CoreNET\BLADE.TCPFORTRESS.CoreNET.csproj", "{D4F10679-61FF-42E1-9F6F-6ED61C0F6FF2}"
EndProject
Project("{FAE04EC0-301F-11D3-BF4B-00C04F79EFBC}") = "BLADE.TCPFORTRESS.TFSERVICE_Win_NET", "BLADE.TCPFORTRESS.TFSERVICE_Win_NET\BLADE.TCPFORTRESS.TFSERVICE_Win_NET.csproj", "{E451FE07-4E58-4C06-813C-B2D6408A1F70}"
EndProject
Project("{FAE04EC0-301F-11D3-BF4B-00C04F79EFBC}") = "BLADE.TCPFORTRESS.TFSERVICE_Linux64_NET", "BLADE.TCPFORTRESS.TFSERVICE_Linux64_NET\BLADE.TCPFORTRESS.TFSERVICE_Linux64_NET.csproj", "{41B26414-FE17-4103-A5E3-F3C304E1F898}"
EndProject
Project("{FAE04EC0-301F-11D3-BF4B-00C04F79EFBC}") = "BLADE.TFS.HOMEGATE.COMM", "BLADE.TFS.HOMEGATE.COMM\BLADE.TFS.HOMEGATE.COMM.csproj", "{44532A79-5368-4968-A133-49D8CAE7E8A3}"
EndProject
Project("{FAE04EC0-301F-11D3-BF4B-00C04F79EFBC}") = "BLADE.TFS.HOMEGATE.WIN", "BLADE.TFS.HOMEGATE.WIN\BLADE.TFS.HOMEGATE.WIN.csproj", "{7E2AD970-CF5C-4DF2-AEEE-2B977BFCF9FB}"
EndProject
Project("{FAE04EC0-301F-11D3-BF4B-00C04F79EFBC}") = "BLADE.TFS.HOMEGATE.LINUX", "BLADE.TFS.HOMEGATE.LINUX\BLADE.TFS.HOMEGATE.LINUX.csproj", "{1DA03481-3729-4313-9C87-32655B215331}"
EndProject
Project("{FAE04EC0-301F-11D3-BF4B-00C04F79EFBC}") = "BLADE.TFS.HOMEGATE.WEB", "BLADE.TFS.HOMEGATE.WEB\BLADE.TFS.HOMEGATE.WEB.csproj", "{D7FAED4F-F895-2B32-216E-D99C44BD2E87}"
EndProject
Global
	GlobalSection(SolutionConfigurationPlatforms) = preSolution
		Debug|Any CPU = Debug|Any CPU
		Release|Any CPU = Release|Any CPU
	EndGlobalSection
	GlobalSection(ProjectConfigurationPlatforms) = postSolution
		{35E4E238-0637-46DC-B59D-BC7E83BC8D78}.Debug|Any CPU.ActiveCfg = Debug|Any CPU
		{35E4E238-0637-46DC-B59D-BC7E83BC8D78}.Debug|Any CPU.Build.0 = Debug|Any CPU
		{35E4E238-0637-46DC-B59D-BC7E83BC8D78}.Release|Any CPU.ActiveCfg = Release|Any CPU
		{35E4E238-0637-46DC-B59D-BC7E83BC8D78}.Release|Any CPU.Build.0 = Release|Any CPU
		{9A83E34E-F9B3-409D-9658-8B54C1F07833}.Debug|Any CPU.ActiveCfg = Debug|Any CPU
		{9A83E34E-F9B3-409D-9658-8B54C1F07833}.Debug|Any CPU.Build.0 = Debug|Any CPU
		{9A83E34E-F9B3-409D-9658-8B54C1F07833}.Release|Any CPU.ActiveCfg = Release|Any CPU
		{9A83E34E-F9B3-409D-9658-8B54C1F07833}.Release|Any CPU.Build.0 = Release|Any CPU
		{B648D887-346F-4C57-B715-3E666B4488F6}.Debug|Any CPU.ActiveCfg = Debug|Any CPU
		{B648D887-346F-4C57-B715-3E666B4488F6}.Debug|Any CPU.Build.0 = Debug|Any CPU
		{B648D887-346F-4C57-B715-3E666B4488F6}.Release|Any CPU.ActiveCfg = Release|Any CPU
		{B648D887-346F-4C57-B715-3E666B4488F6}.Release|Any CPU.Build.0 = Release|Any CPU
		{CA1274A3-85F6-42FD-9364-441674E34684}.Debug|Any CPU.ActiveCfg = Debug|Any CPU
		{CA1274A3-85F6-42FD-9364-441674E34684}.Debug|Any CPU.Build.0 = Debug|Any CPU
		{CA1274A3-85F6-42FD-9364-441674E34684}.Release|Any CPU.ActiveCfg = Release|Any CPU
		{CA1274A3-85F6-42FD-9364-441674E34684}.Release|Any CPU.Build.0 = Release|Any CPU
		{D4F10679-61FF-42E1-9F6F-6ED61C0F6FF2}.Debug|Any CPU.ActiveCfg = Debug|Any CPU
		{D4F10679-61FF-42E1-9F6F-6ED61C0F6FF2}.Debug|Any CPU.Build.0 = Debug|Any CPU
		{D4F10679-61FF-42E1-9F6F-6ED61C0F6FF2}.Release|Any CPU.ActiveCfg = Release|Any CPU
		{D4F10679-61FF-42E1-9F6F-6ED61C0F6FF2}.Release|Any CPU.Build.0 = Release|Any CPU
		{E451FE07-4E58-4C06-813C-B2D6408A1F70}.Debug|Any CPU.ActiveCfg = Debug|Any CPU
		{E451FE07-4E58-4C06-813C-B2D6408A1F70}.Debug|Any CPU.Build.0 = Debug|Any CPU
		{E451FE07-4E58-4C06-813C-B2D6408A1F70}.Release|Any CPU.ActiveCfg = Release|Any CPU
		{E451FE07-4E58-4C06-813C-B2D6408A1F70}.Release|Any CPU.Build.0 = Release|Any CPU
		{41B26414-FE17-4103-A5E3-F3C304E1F898}.Debug|Any CPU.ActiveCfg = Debug|Any CPU
		{41B26414-FE17-4103-A5E3-F3C304E1F898}.Debug|Any CPU.Build.0 = Debug|Any CPU
		{41B26414-FE17-4103-A5E3-F3C304E1F898}.Release|Any CPU.ActiveCfg = Release|Any CPU
		{41B26414-FE17-4103-A5E3-F3C304E1F898}.Release|Any CPU.Build.0 = Release|Any CPU
		{44532A79-5368-4968-A133-49D8CAE7E8A3}.Debug|Any CPU.ActiveCfg = Debug|Any CPU
		{44532A79-5368-4968-A133-49D8CAE7E8A3}.Debug|Any CPU.Build.0 = Debug|Any CPU
		{44532A79-5368-4968-A133-49D8CAE7E8A3}.Release|Any CPU.ActiveCfg = Release|Any CPU
		{44532A79-5368-4968-A133-49D8CAE7E8A3}.Release|Any CPU.Build.0 = Release|Any CPU
		{7E2AD970-CF5C-4DF2-AEEE-2B977BFCF9FB}.Debug|Any CPU.ActiveCfg = Debug|Any CPU
		{7E2AD970-CF5C-4DF2-AEEE-2B977BFCF9FB}.Debug|Any CPU.Build.0 = Debug|Any CPU
		{7E2AD970-CF5C-4DF2-AEEE-2B977BFCF9FB}.Release|Any CPU.ActiveCfg = Release|Any CPU
		{7E2AD970-CF5C-4DF2-AEEE-2B977BFCF9FB}.Release|Any CPU.Build.0 = Release|Any CPU
		{1DA03481-3729-4313-9C87-32655B215331}.Debug|Any CPU.ActiveCfg = Debug|Any CPU
		{1DA03481-3729-4313-9C87-32655B215331}.Debug|Any CPU.Build.0 = Debug|Any CPU
		{1DA03481-3729-4313-9C87-32655B215331}.Release|Any CPU.ActiveCfg = Release|Any CPU
		{1DA03481-3729-4313-9C87-32655B215331}.Release|Any CPU.Build.0 = Release|Any CPU
		{D7FAED4F-F895-2B32-216E-D99C44BD2E87}.Debug|Any CPU.ActiveCfg = Debug|Any CPU
		{D7FAED4F-F895-2B32-216E-D99C44BD2E87}.Debug|Any CPU.Build.0 = Debug|Any CPU
		{D7FAED4F-F895-2B32-216E-D99C44BD2E87}.Release|Any CPU.ActiveCfg = Release|Any CPU
		{D7FAED4F-F895-2B32-216E-D99C44BD2E87}.Release|Any CPU.Build.0 = Release|Any CPU
	EndGlobalSection
	GlobalSection(SolutionProperties) = preSolution
		HideSolutionNode = FALSE
	EndGlobalSection
	GlobalSection(ExtensibilityGlobals) = postSolution
		SolutionGuid = {D7A46295-1CB5-49CD-91E4-A6DCF23AFC14}
	EndGlobalSection
EndGlobal
